
Microsoft Visual Studio Solution File, Format Version 12.00
# Visual Studio Version 17
VisualStudioVersion = 17.4.33110.190
MinimumVisualStudioVersion = 10.0.40219.1
Project("{FAE04EC0-301F-11D3-BF4B-00C04F79EFBC}") = "471Frontend", "471Frontend\471Frontend.csproj", "{D05D4112-0076-41DD-8142-6DBFA6123556}"
EndProject
Global
	GlobalSection(SolutionConfigurationPlatforms) = preSolution
		Debug|Any CPU = Debug|Any CPU
		Release|Any CPU = Release|Any CPU
	EndGlobalSection
	GlobalSection(ProjectConfigurationPlatforms) = postSolution
		{D05D4112-0076-41DD-8142-6DBFA6123556}.Debug|Any CPU.ActiveCfg = Debug|Any CPU
		{D05D4112-0076-41DD-8142-6DBFA6123556}.Debug|Any CPU.Build.0 = Debug|Any CPU
		{D05D4112-0076-41DD-8142-6DBFA6123556}.Release|Any CPU.ActiveCfg = Release|Any CPU
		{D05D4112-0076-41DD-8142-6DBFA6123556}.Release|Any CPU.Build.0 = Release|Any CPU
	EndGlobalSection
	GlobalSection(SolutionProperties) = preSolution
		HideSolutionNode = FALSE
	EndGlobalSection
	GlobalSection(ExtensibilityGlobals) = postSolution
		SolutionGuid = {36808AD8-290B-49A6-BF81-DD30FF08BDA2}
	EndGlobalSection
EndGlobal
